
Microsoft Visual Studio Solution File, Format Version 12.00
# Visual Studio Version 16
VisualStudioVersion = 25.0.1700.3
MinimumVisualStudioVersion = 10.0.40219.1
Project("{2150E333-8FDC-42A3-9474-1A3956D46DE8}") = "proto", "proto", "{1F521A44-D669-46AB-A6AB-A675B8B3A47D}"
	ProjectSection(SolutionItems) = preProject
		calculator.proto = calculator.proto
	EndProjectSection
EndProject
Project("{2150E333-8FDC-42A3-9474-1A3956D46DE8}") = "docs", "docs", "{8456CC32-3568-4737-A30E-D56C44A07476}"
	ProjectSection(SolutionItems) = preProject
		README.md = README.md
	EndProjectSection
EndProject
Project("{FAE04EC0-301F-11D3-BF4B-00C04F79EFBC}") = "client", "client\client.csproj", "{0C851520-6E36-4EAB-9CE8-627E0BE002FD}"
EndProject
Project("{FAE04EC0-301F-11D3-BF4B-00C04F79EFBC}") = "server", "server\server.csproj", "{330966A2-C4EA-4172-A6D4-D730FD911B53}"
EndProject
Global
	GlobalSection(SolutionConfigurationPlatforms) = preSolution
		Debug|Any CPU = Debug|Any CPU
		Release|Any CPU = Release|Any CPU
	EndGlobalSection
	GlobalSection(ProjectConfigurationPlatforms) = postSolution
		{0C851520-6E36-4EAB-9CE8-627E0BE002FD}.Debug|Any CPU.ActiveCfg = Debug|Any CPU
		{0C851520-6E36-4EAB-9CE8-627E0BE002FD}.Debug|Any CPU.Build.0 = Debug|Any CPU
		{0C851520-6E36-4EAB-9CE8-627E0BE002FD}.Release|Any CPU.ActiveCfg = Release|Any CPU
		{0C851520-6E36-4EAB-9CE8-627E0BE002FD}.Release|Any CPU.Build.0 = Release|Any CPU
		{330966A2-C4EA-4172-A6D4-D730FD911B53}.Debug|Any CPU.ActiveCfg = Debug|Any CPU
		{330966A2-C4EA-4172-A6D4-D730FD911B53}.Debug|Any CPU.Build.0 = Debug|Any CPU
		{330966A2-C4EA-4172-A6D4-D730FD911B53}.Release|Any CPU.ActiveCfg = Release|Any CPU
		{330966A2-C4EA-4172-A6D4-D730FD911B53}.Release|Any CPU.Build.0 = Release|Any CPU
	EndGlobalSection
	GlobalSection(SolutionProperties) = preSolution
		HideSolutionNode = FALSE
	EndGlobalSection
	GlobalSection(ExtensibilityGlobals) = postSolution
		SolutionGuid = {79034DFF-1BE3-424E-AEEE-2B1D3C7806B1}
	EndGlobalSection
EndGlobal
