
Microsoft Visual Studio Solution File, Format Version 12.00
# Visual Studio Version 16
VisualStudioVersion = 16.0.810.23
MinimumVisualStudioVersion = 10.0.40219.1
Project("{2150E333-8FDC-42A3-9474-1A3956D46DE8}") = "Solution Items", "Solution Items", "{6E105CEC-6BAE-444F-B9E3-1C412C5B2ADC}"
	ProjectSection(SolutionItems) = preProject
		README.md = README.md
	EndProjectSection
EndProject
Project("{2150E333-8FDC-42A3-9474-1A3956D46DE8}") = "ProgrammingSkillsOne", "ProgrammingSkillsOne", "{D0FAA7B0-8C53-4D48-BE76-70F52E34A743}"
EndProject
Project("{FAE04EC0-301F-11D3-BF4B-00C04F79EFBC}") = "ProgrammingSkillsOne", "ProgrammingSkillsOne\ProgrammingSkillsOne\ProgrammingSkillsOne.csproj", "{BEBD93F6-0A02-4A44-9FAE-B5657FFB980E}"
EndProject
Project("{FAE04EC0-301F-11D3-BF4B-00C04F79EFBC}") = "ProgrammingSkillsOne-Test", "ProgrammingSkillsOne\ProgrammingSkillsOne-Test\ProgrammingSkillsOne-Test.csproj", "{66AF45EC-BE8D-4C46-8953-FD80405E9CB5}"
EndProject
Project("{2150E333-8FDC-42A3-9474-1A3956D46DE8}") = "CSharpBootcamp", "CSharpBootcamp", "{FEFC4370-AEF4-4E85-B4EF-216B84BB6F25}"
EndProject
Project("{2150E333-8FDC-42A3-9474-1A3956D46DE8}") = "calculator", "calculator", "{5A5C9DAE-1DAF-4C4F-B249-460AB1510CDE}"
EndProject
Project("{FAE04EC0-301F-11D3-BF4B-00C04F79EFBC}") = "SimpleCalculator", "CSharpBootcamp\calculator\SimpleCalculator\SimpleCalculator.csproj", "{7F2C3F05-8F26-42FE-89F4-27F7FCE5E3A2}"
EndProject
Project("{FAE04EC0-301F-11D3-BF4B-00C04F79EFBC}") = "SimpleCalculator.Test.Unit", "CSharpBootcamp\calculator\SimpleCalculator.Test.Unit\SimpleCalculator.Test.Unit.csproj", "{260EA201-4907-400A-A502-9A4CF51390D8}"
EndProject
Project("{2150E333-8FDC-42A3-9474-1A3956D46DE8}") = "LeetCode", "LeetCode", "{E532E8E3-7A48-47CC-9FF6-DF092E988299}"
EndProject
Project("{FAE04EC0-301F-11D3-BF4B-00C04F79EFBC}") = "LeetCode.Test.Unit", "Leetcode\LeetCode.Test.Unit\LeetCode.Test.Unit.csproj", "{C628C8A4-F31C-4883-83AE-419FB7E1FF34}"
EndProject
Project("{FAE04EC0-301F-11D3-BF4B-00C04F79EFBC}") = "Leetcode", "Leetcode\LeetCode\Leetcode.csproj", "{1D468842-B5E6-4077-AAF7-CF87C8FD6CDF}"
EndProject
Project("{2150E333-8FDC-42A3-9474-1A3956D46DE8}") = "WordUnscrambler", "WordUnscrambler", "{C489C2ED-A67E-40BE-BF62-9D1790B4377C}"
EndProject
Project("{FAE04EC0-301F-11D3-BF4B-00C04F79EFBC}") = "WordUnscrambler", "CSharpBootcamp\WordUnscrambler\WordUnscrambler.csproj", "{70FC7F26-E30C-4CA2-A302-22E54BD32B2D}"
EndProject
Project("{2150E333-8FDC-42A3-9474-1A3956D46DE8}") = "gRPCIntroduction", "gRPCIntroduction", "{F56963D3-7302-4CCF-9AA9-B083BC09BD5B}"
EndProject
Project("{2150E333-8FDC-42A3-9474-1A3956D46DE8}") = "proto", "proto", "{F45EA3AF-1934-4940-9E59-1BBBA1BC9CB4}"
	ProjectSection(SolutionItems) = preProject
		gRPCIntroduction\dummy.proto = gRPCIntroduction\dummy.proto
		gRPCIntroduction\greeting.proto = gRPCIntroduction\greeting.proto
	EndProjectSection
EndProject
Project("{FAE04EC0-301F-11D3-BF4B-00C04F79EFBC}") = "client", "gRPCIntroduction\client\client.csproj", "{F248D6B6-B3E1-4F7E-B542-65FD8271A8BE}"
EndProject
Project("{FAE04EC0-301F-11D3-BF4B-00C04F79EFBC}") = "server", "gRPCIntroduction\server\server.csproj", "{C12D4E94-C3B7-45E3-86C6-409E63FC980D}"
EndProject
Global
	GlobalSection(SolutionConfigurationPlatforms) = preSolution
		Debug|Any CPU = Debug|Any CPU
		Release|Any CPU = Release|Any CPU
	EndGlobalSection
	GlobalSection(ProjectConfigurationPlatforms) = postSolution
		{BEBD93F6-0A02-4A44-9FAE-B5657FFB980E}.Debug|Any CPU.ActiveCfg = Debug|Any CPU
		{BEBD93F6-0A02-4A44-9FAE-B5657FFB980E}.Debug|Any CPU.Build.0 = Debug|Any CPU
		{BEBD93F6-0A02-4A44-9FAE-B5657FFB980E}.Release|Any CPU.ActiveCfg = Release|Any CPU
		{BEBD93F6-0A02-4A44-9FAE-B5657FFB980E}.Release|Any CPU.Build.0 = Release|Any CPU
		{66AF45EC-BE8D-4C46-8953-FD80405E9CB5}.Debug|Any CPU.ActiveCfg = Debug|Any CPU
		{66AF45EC-BE8D-4C46-8953-FD80405E9CB5}.Debug|Any CPU.Build.0 = Debug|Any CPU
		{66AF45EC-BE8D-4C46-8953-FD80405E9CB5}.Release|Any CPU.ActiveCfg = Release|Any CPU
		{66AF45EC-BE8D-4C46-8953-FD80405E9CB5}.Release|Any CPU.Build.0 = Release|Any CPU
		{7F2C3F05-8F26-42FE-89F4-27F7FCE5E3A2}.Debug|Any CPU.ActiveCfg = Debug|Any CPU
		{7F2C3F05-8F26-42FE-89F4-27F7FCE5E3A2}.Debug|Any CPU.Build.0 = Debug|Any CPU
		{7F2C3F05-8F26-42FE-89F4-27F7FCE5E3A2}.Release|Any CPU.ActiveCfg = Release|Any CPU
		{7F2C3F05-8F26-42FE-89F4-27F7FCE5E3A2}.Release|Any CPU.Build.0 = Release|Any CPU
		{260EA201-4907-400A-A502-9A4CF51390D8}.Debug|Any CPU.ActiveCfg = Debug|Any CPU
		{260EA201-4907-400A-A502-9A4CF51390D8}.Debug|Any CPU.Build.0 = Debug|Any CPU
		{260EA201-4907-400A-A502-9A4CF51390D8}.Release|Any CPU.ActiveCfg = Release|Any CPU
		{260EA201-4907-400A-A502-9A4CF51390D8}.Release|Any CPU.Build.0 = Release|Any CPU
		{C628C8A4-F31C-4883-83AE-419FB7E1FF34}.Debug|Any CPU.ActiveCfg = Debug|Any CPU
		{C628C8A4-F31C-4883-83AE-419FB7E1FF34}.Debug|Any CPU.Build.0 = Debug|Any CPU
		{C628C8A4-F31C-4883-83AE-419FB7E1FF34}.Release|Any CPU.ActiveCfg = Release|Any CPU
		{C628C8A4-F31C-4883-83AE-419FB7E1FF34}.Release|Any CPU.Build.0 = Release|Any CPU
		{1D468842-B5E6-4077-AAF7-CF87C8FD6CDF}.Debug|Any CPU.ActiveCfg = Debug|Any CPU
		{1D468842-B5E6-4077-AAF7-CF87C8FD6CDF}.Debug|Any CPU.Build.0 = Debug|Any CPU
		{1D468842-B5E6-4077-AAF7-CF87C8FD6CDF}.Release|Any CPU.ActiveCfg = Release|Any CPU
		{1D468842-B5E6-4077-AAF7-CF87C8FD6CDF}.Release|Any CPU.Build.0 = Release|Any CPU
		{70FC7F26-E30C-4CA2-A302-22E54BD32B2D}.Debug|Any CPU.ActiveCfg = Debug|Any CPU
		{70FC7F26-E30C-4CA2-A302-22E54BD32B2D}.Debug|Any CPU.Build.0 = Debug|Any CPU
		{70FC7F26-E30C-4CA2-A302-22E54BD32B2D}.Release|Any CPU.ActiveCfg = Release|Any CPU
		{70FC7F26-E30C-4CA2-A302-22E54BD32B2D}.Release|Any CPU.Build.0 = Release|Any CPU
		{F248D6B6-B3E1-4F7E-B542-65FD8271A8BE}.Debug|Any CPU.ActiveCfg = Debug|Any CPU
		{F248D6B6-B3E1-4F7E-B542-65FD8271A8BE}.Debug|Any CPU.Build.0 = Debug|Any CPU
		{F248D6B6-B3E1-4F7E-B542-65FD8271A8BE}.Release|Any CPU.ActiveCfg = Release|Any CPU
		{F248D6B6-B3E1-4F7E-B542-65FD8271A8BE}.Release|Any CPU.Build.0 = Release|Any CPU
		{C12D4E94-C3B7-45E3-86C6-409E63FC980D}.Debug|Any CPU.ActiveCfg = Debug|Any CPU
		{C12D4E94-C3B7-45E3-86C6-409E63FC980D}.Debug|Any CPU.Build.0 = Debug|Any CPU
		{C12D4E94-C3B7-45E3-86C6-409E63FC980D}.Release|Any CPU.ActiveCfg = Release|Any CPU
		{C12D4E94-C3B7-45E3-86C6-409E63FC980D}.Release|Any CPU.Build.0 = Release|Any CPU
	EndGlobalSection
	GlobalSection(SolutionProperties) = preSolution
		HideSolutionNode = FALSE
	EndGlobalSection
	GlobalSection(ExtensibilityGlobals) = postSolution
		SolutionGuid = {E7AF46F6-9458-45D0-9DAC-1A833DD39504}
	EndGlobalSection
	GlobalSection(NestedProjects) = preSolution
		{BEBD93F6-0A02-4A44-9FAE-B5657FFB980E} = {D0FAA7B0-8C53-4D48-BE76-70F52E34A743}
		{66AF45EC-BE8D-4C46-8953-FD80405E9CB5} = {D0FAA7B0-8C53-4D48-BE76-70F52E34A743}
		{5A5C9DAE-1DAF-4C4F-B249-460AB1510CDE} = {FEFC4370-AEF4-4E85-B4EF-216B84BB6F25}
		{7F2C3F05-8F26-42FE-89F4-27F7FCE5E3A2} = {5A5C9DAE-1DAF-4C4F-B249-460AB1510CDE}
		{260EA201-4907-400A-A502-9A4CF51390D8} = {5A5C9DAE-1DAF-4C4F-B249-460AB1510CDE}
		{C628C8A4-F31C-4883-83AE-419FB7E1FF34} = {E532E8E3-7A48-47CC-9FF6-DF092E988299}
		{1D468842-B5E6-4077-AAF7-CF87C8FD6CDF} = {E532E8E3-7A48-47CC-9FF6-DF092E988299}
		{C489C2ED-A67E-40BE-BF62-9D1790B4377C} = {FEFC4370-AEF4-4E85-B4EF-216B84BB6F25}
		{70FC7F26-E30C-4CA2-A302-22E54BD32B2D} = {C489C2ED-A67E-40BE-BF62-9D1790B4377C}
		{F45EA3AF-1934-4940-9E59-1BBBA1BC9CB4} = {F56963D3-7302-4CCF-9AA9-B083BC09BD5B}
		{F248D6B6-B3E1-4F7E-B542-65FD8271A8BE} = {F56963D3-7302-4CCF-9AA9-B083BC09BD5B}
		{C12D4E94-C3B7-45E3-86C6-409E63FC980D} = {F56963D3-7302-4CCF-9AA9-B083BC09BD5B}
	EndGlobalSection
EndGlobal
